// !$*UTF8*$!
{
	archiveVersion = 1;
	classes = {
	};
	objectVersion = 48;
	objects = {

/* Begin PBXBuildFile section */
		8433A2C12004F499007AD790 /* AppDelegate.swift in Sources */ = {isa = PBXBuildFile; fileRef = 8433A2C02004F499007AD790 /* AppDelegate.swift */; };
		8433A2C32004F499007AD790 /* ViewController.swift in Sources */ = {isa = PBXBuildFile; fileRef = 8433A2C22004F499007AD790 /* ViewController.swift */; };
		8433A2C62004F499007AD790 /* Main.storyboard in Resources */ = {isa = PBXBuildFile; fileRef = 8433A2C42004F499007AD790 /* Main.storyboard */; };
		8433A2C82004F499007AD790 /* Assets.xcassets in Resources */ = {isa = PBXBuildFile; fileRef = 8433A2C72004F499007AD790 /* Assets.xcassets */; };
		8433A2CB2004F499007AD790 /* LaunchScreen.storyboard in Resources */ = {isa = PBXBuildFile; fileRef = 8433A2C92004F499007AD790 /* LaunchScreen.storyboard */; };
		8433A2D320055F26007AD790 /* CardsViewController.swift in Sources */ = {isa = PBXBuildFile; fileRef = 8433A2D220055F26007AD790 /* CardsViewController.swift */; };
		8433A2D5200567DE007AD790 /* CollectionViewCell.swift in Sources */ = {isa = PBXBuildFile; fileRef = 8433A2D4200567DE007AD790 /* CollectionViewCell.swift */; };
		84C8C7E2200B8B5200572B0E /* RecordsDataBase.xcdatamodeld in Sources */ = {isa = PBXBuildFile; fileRef = 84C8C7E0200B8B5200572B0E /* RecordsDataBase.xcdatamodeld */; };
		84C8C7E5200B8E1600572B0E /* CoreData.framework in Frameworks */ = {isa = PBXBuildFile; fileRef = 84C8C7E4200B8DD800572B0E /* CoreData.framework */; };
		84C8C808200B905100572B0E /* DataController.swift in Sources */ = {isa = PBXBuildFile; fileRef = 84C8C807200B905100572B0E /* DataController.swift */; };
		84C8C80C200BA51100572B0E /* RecordsViewController.swift in Sources */ = {isa = PBXBuildFile; fileRef = 84C8C80B200BA51100572B0E /* RecordsViewController.swift */; };
		84C8C80F200BD73C00572B0E /* RecordObj+CoreDataClass.swift in Sources */ = {isa = PBXBuildFile; fileRef = 84C8C80D200BD73C00572B0E /* RecordObj+CoreDataClass.swift */; };
		84C8C810200BD73C00572B0E /* RecordObj+CoreDataProperties.swift in Sources */ = {isa = PBXBuildFile; fileRef = 84C8C80E200BD73C00572B0E /* RecordObj+CoreDataProperties.swift */; };
		84DF371C200BE7400073BF19 /* RecordTableViewCell.swift in Sources */ = {isa = PBXBuildFile; fileRef = 84DF371B200BE7400073BF19 /* RecordTableViewCell.swift */; };
		84DF371E200C10760073BF19 /* Functionality.swift in Sources */ = {isa = PBXBuildFile; fileRef = 84DF371D200C10760073BF19 /* Functionality.swift */; };
/* End PBXBuildFile section */

/* Begin PBXFileReference section */
		8433A2BD2004F499007AD790 /* MemoryCards.app */ = {isa = PBXFileReference; explicitFileType = wrapper.application; includeInIndex = 0; path = MemoryCards.app; sourceTree = BUILT_PRODUCTS_DIR; };
		8433A2C02004F499007AD790 /* AppDelegate.swift */ = {isa = PBXFileReference; lastKnownFileType = sourcecode.swift; path = AppDelegate.swift; sourceTree = "<group>"; };
		8433A2C22004F499007AD790 /* ViewController.swift */ = {isa = PBXFileReference; lastKnownFileType = sourcecode.swift; path = ViewController.swift; sourceTree = "<group>"; };
		8433A2C52004F499007AD790 /* Base */ = {isa = PBXFileReference; lastKnownFileType = file.storyboard; name = Base; path = Base.lproj/Main.storyboard; sourceTree = "<group>"; };
		8433A2C72004F499007AD790 /* Assets.xcassets */ = {isa = PBXFileReference; lastKnownFileType = folder.assetcatalog; path = Assets.xcassets; sourceTree = "<group>"; };
		8433A2CA2004F499007AD790 /* Base */ = {isa = PBXFileReference; lastKnownFileType = file.storyboard; name = Base; path = Base.lproj/LaunchScreen.storyboard; sourceTree = "<group>"; };
		8433A2CC2004F499007AD790 /* Info.plist */ = {isa = PBXFileReference; lastKnownFileType = text.plist.xml; path = Info.plist; sourceTree = "<group>"; };
		8433A2D220055F26007AD790 /* CardsViewController.swift */ = {isa = PBXFileReference; lastKnownFileType = sourcecode.swift; path = CardsViewController.swift; sourceTree = "<group>"; };
		8433A2D4200567DE007AD790 /* CollectionViewCell.swift */ = {isa = PBXFileReference; lastKnownFileType = sourcecode.swift; path = CollectionViewCell.swift; sourceTree = "<group>"; };
		84C8C7E1200B8B5200572B0E /* RecordsDataBase.xcdatamodel */ = {isa = PBXFileReference; lastKnownFileType = wrapper.xcdatamodel; path = RecordsDataBase.xcdatamodel; sourceTree = "<group>"; };
		84C8C7E4200B8DD800572B0E /* CoreData.framework */ = {isa = PBXFileReference; lastKnownFileType = wrapper.framework; name = CoreData.framework; path = System/Library/Frameworks/CoreData.framework; sourceTree = SDKROOT; };
		84C8C807200B905100572B0E /* DataController.swift */ = {isa = PBXFileReference; lastKnownFileType = sourcecode.swift; path = DataController.swift; sourceTree = "<group>"; };
		84C8C80B200BA51100572B0E /* RecordsViewController.swift */ = {isa = PBXFileReference; lastKnownFileType = sourcecode.swift; path = RecordsViewController.swift; sourceTree = "<group>"; };
		84C8C80D200BD73C00572B0E /* RecordObj+CoreDataClass.swift */ = {isa = PBXFileReference; lastKnownFileType = sourcecode.swift; path = "RecordObj+CoreDataClass.swift"; sourceTree = "<group>"; };
		84C8C80E200BD73C00572B0E /* RecordObj+CoreDataProperties.swift */ = {isa = PBXFileReference; lastKnownFileType = sourcecode.swift; path = "RecordObj+CoreDataProperties.swift"; sourceTree = "<group>"; };
		84DF371B200BE7400073BF19 /* RecordTableViewCell.swift */ = {isa = PBXFileReference; lastKnownFileType = sourcecode.swift; path = RecordTableViewCell.swift; sourceTree = "<group>"; };
		84DF371D200C10760073BF19 /* Functionality.swift */ = {isa = PBXFileReference; lastKnownFileType = sourcecode.swift; path = Functionality.swift; sourceTree = "<group>"; };
/* End PBXFileReference section */

/* Begin PBXFrameworksBuildPhase section */
		8433A2BA2004F499007AD790 /* Frameworks */ = {
			isa = PBXFrameworksBuildPhase;
			buildActionMask = 2147483647;
			files = (
				84C8C7E5200B8E1600572B0E /* CoreData.framework in Frameworks */,
			);
			runOnlyForDeploymentPostprocessing = 0;
		};
/* End PBXFrameworksBuildPhase section */

/* Begin PBXGroup section */
		8433A2B42004F499007AD790 = {
			isa = PBXGroup;
			children = (
				8433A2BF2004F499007AD790 /* MemoryCards */,
				8433A2BE2004F499007AD790 /* Products */,
				84C8C7E3200B8DD800572B0E /* Frameworks */,
			);
			sourceTree = "<group>";
		};
		8433A2BE2004F499007AD790 /* Products */ = {
			isa = PBXGroup;
			children = (
				8433A2BD2004F499007AD790 /* MemoryCards.app */,
			);
			name = Products;
			sourceTree = "<group>";
		};
		8433A2BF2004F499007AD790 /* MemoryCards */ = {
			isa = PBXGroup;
			children = (
				84E0748E20210B29005581B0 /* ViewControllers */,
				84E0748D20210AF2005581B0 /* Cells */,
				84E0748F20210B60005581B0 /* DataBase */,
				84DF371D200C10760073BF19 /* Functionality.swift */,
				8433A2C42004F499007AD790 /* Main.storyboard */,
				8433A2CC2004F499007AD790 /* Info.plist */,
				844D429F2006C9F400744F1F /* Resource */,
			);
			path = MemoryCards;
			sourceTree = "<group>";
		};
		844D429F2006C9F400744F1F /* Resource */ = {
			isa = PBXGroup;
			children = (
				8433A2C72004F499007AD790 /* Assets.xcassets */,
				8433A2C02004F499007AD790 /* AppDelegate.swift */,
				8433A2C92004F499007AD790 /* LaunchScreen.storyboard */,
			);
			path = Resource;
			sourceTree = "<group>";
		};
		84C8C7E3200B8DD800572B0E /* Frameworks */ = {
			isa = PBXGroup;
			children = (
				84C8C7E4200B8DD800572B0E /* CoreData.framework */,
			);
			name = Frameworks;
			sourceTree = "<group>";
		};
		84E0748D20210AF2005581B0 /* Cells */ = {
			isa = PBXGroup;
			children = (
				8433A2D4200567DE007AD790 /* CollectionViewCell.swift */,
				84DF371B200BE7400073BF19 /* RecordTableViewCell.swift */,
			);
			path = Cells;
			sourceTree = "<group>";
		};
		84E0748E20210B29005581B0 /* ViewControllers */ = {
			isa = PBXGroup;
			children = (
				8433A2C22004F499007AD790 /* ViewController.swift */,
				84C8C80B200BA51100572B0E /* RecordsViewController.swift */,
				8433A2D220055F26007AD790 /* CardsViewController.swift */,
			);
			path = ViewControllers;
			sourceTree = "<group>";
		};
		84E0748F20210B60005581B0 /* DataBase */ = {
			isa = PBXGroup;
			children = (
				84C8C80D200BD73C00572B0E /* RecordObj+CoreDataClass.swift */,
				84C8C80E200BD73C00572B0E /* RecordObj+CoreDataProperties.swift */,
				84C8C807200B905100572B0E /* DataController.swift */,
				84C8C7E0200B8B5200572B0E /* RecordsDataBase.xcdatamodeld */,
			);
			path = DataBase;
			sourceTree = "<group>";
		};
/* End PBXGroup section */

/* Begin PBXNativeTarget section */
		8433A2BC2004F499007AD790 /* MemoryCards */ = {
			isa = PBXNativeTarget;
			buildConfigurationList = 8433A2CF2004F499007AD790 /* Build configuration list for PBXNativeTarget "MemoryCards" */;
			buildPhases = (
				8433A2B92004F499007AD790 /* Sources */,
				8433A2BA2004F499007AD790 /* Frameworks */,
				8433A2BB2004F499007AD790 /* Resources */,
			);
			buildRules = (
			);
			dependencies = (
			);
			name = MemoryCards;
			productName = MemoryCards;
			productReference = 8433A2BD2004F499007AD790 /* MemoryCards.app */;
			productType = "com.apple.product-type.application";
		};
/* End PBXNativeTarget section */

/* Begin PBXProject section */
		8433A2B52004F499007AD790 /* Project object */ = {
			isa = PBXProject;
			attributes = {
				LastSwiftUpdateCheck = 0910;
				LastUpgradeCheck = 0910;
				ORGANIZATIONNAME = Admin;
				TargetAttributes = {
					8433A2BC2004F499007AD790 = {
						CreatedOnToolsVersion = 9.1;
						ProvisioningStyle = Automatic;
					};
				};
			};
			buildConfigurationList = 8433A2B82004F499007AD790 /* Build configuration list for PBXProject "MemoryCards" */;
			compatibilityVersion = "Xcode 8.0";
			developmentRegion = en;
			hasScannedForEncodings = 0;
			knownRegions = (
				en,
				Base,
			);
			mainGroup = 8433A2B42004F499007AD790;
			productRefGroup = 8433A2BE2004F499007AD790 /* Products */;
			projectDirPath = "";
			projectRoot = "";
			targets = (
				8433A2BC2004F499007AD790 /* MemoryCards */,
			);
		};
/* End PBXProject section */

/* Begin PBXResourcesBuildPhase section */
		8433A2BB2004F499007AD790 /* Resources */ = {
			isa = PBXResourcesBuildPhase;
			buildActionMask = 2147483647;
			files = (
				8433A2CB2004F499007AD790 /* LaunchScreen.storyboard in Resources */,
				8433A2C82004F499007AD790 /* Assets.xcassets in Resources */,
				8433A2C62004F499007AD790 /* Main.storyboard in Resources */,
			);
			runOnlyForDeploymentPostprocessing = 0;
		};
/* End PBXResourcesBuildPhase section */

/* Begin PBXSourcesBuildPhase section */
		8433A2B92004F499007AD790 /* Sources */ = {
			isa = PBXSourcesBuildPhase;
			buildActionMask = 2147483647;
			files = (
				84C8C7E2200B8B5200572B0E /* RecordsDataBase.xcdatamodeld in Sources */,
				84C8C808200B905100572B0E /* DataController.swift in Sources */,
				8433A2C32004F499007AD790 /* ViewController.swift in Sources */,
				84C8C80F200BD73C00572B0E /* RecordObj+CoreDataClass.swift in Sources */,
				84C8C810200BD73C00572B0E /* RecordObj+CoreDataProperties.swift in Sources */,
				8433A2C12004F499007AD790 /* AppDelegate.swift in Sources */,
				8433A2D5200567DE007AD790 /* CollectionViewCell.swift in Sources */,
				84DF371E200C10760073BF19 /* Functionality.swift in Sources */,
				8433A2D320055F26007AD790 /* CardsViewController.swift in Sources */,
				84C8C80C200BA51100572B0E /* RecordsViewController.swift in Sources */,
				84DF371C200BE7400073BF19 /* RecordTableViewCell.swift in Sources */,
			);
			runOnlyForDeploymentPostprocessing = 0;
		};
/* End PBXSourcesBuildPhase section */

/* Begin PBXVariantGroup section */
		8433A2C42004F499007AD790 /* Main.storyboard */ = {
			isa = PBXVariantGroup;
			children = (
				8433A2C52004F499007AD790 /* Base */,
			);
			name = Main.storyboard;
			sourceTree = "<group>";
		};
		8433A2C92004F499007AD790 /* LaunchScreen.storyboard */ = {
			isa = PBXVariantGroup;
			children = (
				8433A2CA2004F499007AD790 /* Base */,
			);
			name = LaunchScreen.storyboard;
			sourceTree = "<group>";
		};
/* End PBXVariantGroup section */

/* Begin XCBuildConfiguration section */
		8433A2CD2004F499007AD790 /* Debug */ = {
			isa = XCBuildConfiguration;
			buildSettings = {
				ALWAYS_SEARCH_USER_PATHS = NO;
				CLANG_ANALYZER_NONNULL = YES;
				CLANG_ANALYZER_NUMBER_OBJECT_CONVERSION = YES_AGGRESSIVE;
				CLANG_CXX_LANGUAGE_STANDARD = "gnu++14";
				CLANG_CXX_LIBRARY = "libc++";
				CLANG_ENABLE_MODULES = YES;
				CLANG_ENABLE_OBJC_ARC = YES;
				CLANG_WARN_BLOCK_CAPTURE_AUTORELEASING = YES;
				CLANG_WARN_BOOL_CONVERSION = YES;
				CLANG_WARN_COMMA = YES;
				CLANG_WARN_CONSTANT_CONVERSION = YES;
				CLANG_WARN_DIRECT_OBJC_ISA_USAGE = YES_ERROR;
				CLANG_WARN_DOCUMENTATION_COMMENTS = YES;
				CLANG_WARN_EMPTY_BODY = YES;
				CLANG_WARN_ENUM_CONVERSION = YES;
				CLANG_WARN_INFINITE_RECURSION = YES;
				CLANG_WARN_INT_CONVERSION = YES;
				CLANG_WARN_NON_LITERAL_NULL_CONVERSION = YES;
				CLANG_WARN_OBJC_LITERAL_CONVERSION = YES;
				CLANG_WARN_OBJC_ROOT_CLASS = YES_ERROR;
				CLANG_WARN_RANGE_LOOP_ANALYSIS = YES;
				CLANG_WARN_STRICT_PROTOTYPES = YES;
				CLANG_WARN_SUSPICIOUS_MOVE = YES;
				CLANG_WARN_UNGUARDED_AVAILABILITY = YES_AGGRESSIVE;
				CLANG_WARN_UNREACHABLE_CODE = YES;
				CLANG_WARN__DUPLICATE_METHOD_MATCH = YES;
				CODE_SIGN_IDENTITY = "iPhone Developer";
				COPY_PHASE_STRIP = NO;
				DEBUG_INFORMATION_FORMAT = dwarf;
				ENABLE_STRICT_OBJC_MSGSEND = YES;
				ENABLE_TESTABILITY = YES;
				GCC_C_LANGUAGE_STANDARD = gnu11;
				GCC_DYNAMIC_NO_PIC = NO;
				GCC_NO_COMMON_BLOCKS = YES;
				GCC_OPTIMIZATION_LEVEL = 0;
				GCC_PREPROCESSOR_DEFINITIONS = (
					"DEBUG=1",
					"$(inherited)",
				);
				GCC_WARN_64_TO_32_BIT_CONVERSION = YES;
				GCC_WARN_ABOUT_RETURN_TYPE = YES_ERROR;
				GCC_WARN_UNDECLARED_SELECTOR = YES;
				GCC_WARN_UNINITIALIZED_AUTOS = YES_AGGRESSIVE;
				GCC_WARN_UNUSED_FUNCTION = YES;
				GCC_WARN_UNUSED_VARIABLE = YES;
				IPHONEOS_DEPLOYMENT_TARGET = 11.0;
				MTL_ENABLE_DEBUG_INFO = YES;
				ONLY_ACTIVE_ARCH = YES;
				SDKROOT = iphoneos;
				SWIFT_ACTIVE_COMPILATION_CONDITIONS = DEBUG;
				SWIFT_OPTIMIZATION_LEVEL = "-Onone";
			};
			name = Debug;
		};
		8433A2CE2004F499007AD790 /* Release */ = {
			isa = XCBuildConfiguration;
			buildSettings = {
				ALWAYS_SEARCH_USER_PATHS = NO;
				CLANG_ANALYZER_NONNULL = YES;
				CLANG_ANALYZER_NUMBER_OBJECT_CONVERSION = YES_AGGRESSIVE;
				CLANG_CXX_LANGUAGE_STANDARD = "gnu++14";
				CLANG_CXX_LIBRARY = "libc++";
				CLANG_ENABLE_MODULES = YES;
				CLANG_ENABLE_OBJC_ARC = YES;
				CLANG_WARN_BLOCK_CAPTURE_AUTORELEASING = YES;
				CLANG_WARN_BOOL_CONVERSION = YES;
				CLANG_WARN_COMMA = YES;
				CLANG_WARN_CONSTANT_CONVERSION = YES;
				CLANG_WARN_DIRECT_OBJC_ISA_USAGE = YES_ERROR;
				CLANG_WARN_DOCUMENTATION_COMMENTS = YES;
				CLANG_WARN_EMPTY_BODY = YES;
				CLANG_WARN_ENUM_CONVERSION = YES;
				CLANG_WARN_INFINITE_RECURSION = YES;
				CLANG_WARN_INT_CONVERSION = YES;
				CLANG_WARN_NON_LITERAL_NULL_CONVERSION = YES;
				CLANG_WARN_OBJC_LITERAL_CONVERSION = YES;
				CLANG_WARN_OBJC_ROOT_CLASS = YES_ERROR;
				CLANG_WARN_RANGE_LOOP_ANALYSIS = YES;
				CLANG_WARN_STRICT_PROTOTYPES = YES;
				CLANG_WARN_SUSPICIOUS_MOVE = YES;
				CLANG_WARN_UNGUARDED_AVAILABILITY = YES_AGGRESSIVE;
				CLANG_WARN_UNREACHABLE_CODE = YES;
				CLANG_WARN__DUPLICATE_METHOD_MATCH = YES;
				CODE_SIGN_IDENTITY = "iPhone Developer";
				COPY_PHASE_STRIP = NO;
				DEBUG_INFORMATION_FORMAT = "dwarf-with-dsym";
				ENABLE_NS_ASSERTIONS = NO;
				ENABLE_STRICT_OBJC_MSGSEND = YES;
				GCC_C_LANGUAGE_STANDARD = gnu11;
				GCC_NO_COMMON_BLOCKS = YES;
				GCC_WARN_64_TO_32_BIT_CONVERSION = YES;
				GCC_WARN_ABOUT_RETURN_TYPE = YES_ERROR;
				GCC_WARN_UNDECLARED_SELECTOR = YES;
				GCC_WARN_UNINITIALIZED_AUTOS = YES_AGGRESSIVE;
				GCC_WARN_UNUSED_FUNCTION = YES;
				GCC_WARN_UNUSED_VARIABLE = YES;
				IPHONEOS_DEPLOYMENT_TARGET = 11.0;
				MTL_ENABLE_DEBUG_INFO = NO;
				SDKROOT = iphoneos;
				SWIFT_OPTIMIZATION_LEVEL = "-Owholemodule";
				VALIDATE_PRODUCT = YES;
			};
			name = Release;
		};
		8433A2D02004F499007AD790 /* Debug */ = {
			isa = XCBuildConfiguration;
			buildSettings = {
				ASSETCATALOG_COMPILER_APPICON_NAME = AppIcon;
				"CODE_SIGN_IDENTITY[sdk=iphoneos*]" = "iPhone Developer";
				CODE_SIGN_STYLE = Automatic;
				DEVELOPMENT_TEAM = LDWUKS5K42;
				INFOPLIST_FILE = MemoryCards/Info.plist;
				IPHONEOS_DEPLOYMENT_TARGET = 11.0;
				LD_RUNPATH_SEARCH_PATHS = "$(inherited) @executable_path/Frameworks";
				PRODUCT_BUNDLE_IDENTIFIER = TestProject.MemoryCards;
				PRODUCT_NAME = "$(TARGET_NAME)";
				PROVISIONING_PROFILE_SPECIFIER = "";
				SWIFT_VERSION = 4.0;
				TARGETED_DEVICE_FAMILY = "1,2";
			};
			name = Debug;
		};
		8433A2D12004F499007AD790 /* Release */ = {
			isa = XCBuildConfiguration;
			buildSettings = {
				ASSETCATALOG_COMPILER_APPICON_NAME = AppIcon;
				"CODE_SIGN_IDENTITY[sdk=iphoneos*]" = "iPhone Developer";
				CODE_SIGN_STYLE = Automatic;
				DEVELOPMENT_TEAM = LDWUKS5K42;
				INFOPLIST_FILE = MemoryCards/Info.plist;
				IPHONEOS_DEPLOYMENT_TARGET = 11.0;
				LD_RUNPATH_SEARCH_PATHS = "$(inherited) @executable_path/Frameworks";
				PRODUCT_BUNDLE_IDENTIFIER = TestProject.MemoryCards;
				PRODUCT_NAME = "$(TARGET_NAME)";
				PROVISIONING_PROFILE_SPECIFIER = "";
				SWIFT_VERSION = 4.0;
				TARGETED_DEVICE_FAMILY = "1,2";
			};
			name = Release;
		};
/* End XCBuildConfiguration section */

/* Begin XCConfigurationList section */
		8433A2B82004F499007AD790 /* Build configuration list for PBXProject "MemoryCards" */ = {
			isa = XCConfigurationList;
			buildConfigurations = (
				8433A2CD2004F499007AD790 /* Debug */,
				8433A2CE2004F499007AD790 /* Release */,
			);
			defaultConfigurationIsVisible = 0;
			defaultConfigurationName = Release;
		};
		8433A2CF2004F499007AD790 /* Build configuration list for PBXNativeTarget "MemoryCards" */ = {
			isa = XCConfigurationList;
			buildConfigurations = (
				8433A2D02004F499007AD790 /* Debug */,
				8433A2D12004F499007AD790 /* Release */,
			);
			defaultConfigurationIsVisible = 0;
			defaultConfigurationName = Release;
		};
/* End XCConfigurationList section */

/* Begin XCVersionGroup section */
		84C8C7E0200B8B5200572B0E /* RecordsDataBase.xcdatamodeld */ = {
			isa = XCVersionGroup;
			children = (
				84C8C7E1200B8B5200572B0E /* RecordsDataBase.xcdatamodel */,
			);
			currentVersion = 84C8C7E1200B8B5200572B0E /* RecordsDataBase.xcdatamodel */;
			path = RecordsDataBase.xcdatamodeld;
			sourceTree = "<group>";
			versionGroupType = wrapper.xcdatamodel;
		};
/* End XCVersionGroup section */
	};
	rootObject = 8433A2B52004F499007AD790 /* Project object */;
}
